
Microsoft Visual Studio Solution File, Format Version 12.00
# Visual Studio 15
VisualStudioVersion = 15.0.27130.2026
MinimumVisualStudioVersion = 10.0.40219.1
Project("{888888A0-9F3D-457C-B088-3A5042F75D52}") = "nahuales", "Nahuales\nahuales.pyproj", "{D7EAC2ED-422E-4414-9A27-742DB5370E75}"
EndProject
Global
	GlobalSection(SolutionConfigurationPlatforms) = preSolution
		Debug|Any CPU = Debug|Any CPU
		Release|Any CPU = Release|Any CPU
	EndGlobalSection
	GlobalSection(ProjectConfigurationPlatforms) = postSolution
		{D7EAC2ED-422E-4414-9A27-742DB5370E75}.Debug|Any CPU.ActiveCfg = Debug|Any CPU
		{D7EAC2ED-422E-4414-9A27-742DB5370E75}.Release|Any CPU.ActiveCfg = Release|Any CPU
	EndGlobalSection
	GlobalSection(SolutionProperties) = preSolution
		HideSolutionNode = FALSE
	EndGlobalSection
	GlobalSection(ExtensibilityGlobals) = postSolution
		SolutionGuid = {F4733607-89F1-43B3-AA60-11A719FA848E}
	EndGlobalSection
EndGlobal
